
Microsoft Visual Studio Solution File, Format Version 12.00
# Visual Studio Version 17
VisualStudioVersion = 17.10.35013.160
MinimumVisualStudioVersion = 10.0.40219.1
Project("{9A19103F-16F7-4668-BE54-9A1E7A4F7556}") = "NCrontab.Console", "NCrontab.Console\NCrontab.Console.csproj", "{C2DBA586-4EF2-4C5E-87DA-CF3C8A42D691}"
EndProject
Project("{9A19103F-16F7-4668-BE54-9A1E7A4F7556}") = "Northwind.AzureFunctions.Service", "Northwind.AzureFunctions.Service\Northwind.AzureFunctions.Service.csproj", "{F99BC4B9-DE52-47AE-8D95-071F5D93BF12}"
EndProject
Project("{2150E333-8FDC-42A3-9474-1A3956D46DE8}") = "HttpRequests", "HttpRequests", "{BF9C801D-2E62-463B-91F5-955D1B4EF182}"
	ProjectSection(SolutionItems) = preProject
		azurefunctions-numberstochecks.http = azurefunctions-numberstochecks.http
		azurefunctions-scrapeamazon.http = azurefunctions-scrapeamazon.http
	EndProjectSection
EndProject
Global
	GlobalSection(SolutionConfigurationPlatforms) = preSolution
		Debug|Any CPU = Debug|Any CPU
		Release|Any CPU = Release|Any CPU
	EndGlobalSection
	GlobalSection(ProjectConfigurationPlatforms) = postSolution
		{C2DBA586-4EF2-4C5E-87DA-CF3C8A42D691}.Debug|Any CPU.ActiveCfg = Debug|Any CPU
		{C2DBA586-4EF2-4C5E-87DA-CF3C8A42D691}.Debug|Any CPU.Build.0 = Debug|Any CPU
		{C2DBA586-4EF2-4C5E-87DA-CF3C8A42D691}.Release|Any CPU.ActiveCfg = Release|Any CPU
		{C2DBA586-4EF2-4C5E-87DA-CF3C8A42D691}.Release|Any CPU.Build.0 = Release|Any CPU
		{F99BC4B9-DE52-47AE-8D95-071F5D93BF12}.Debug|Any CPU.ActiveCfg = Debug|Any CPU
		{F99BC4B9-DE52-47AE-8D95-071F5D93BF12}.Debug|Any CPU.Build.0 = Debug|Any CPU
		{F99BC4B9-DE52-47AE-8D95-071F5D93BF12}.Release|Any CPU.ActiveCfg = Release|Any CPU
		{F99BC4B9-DE52-47AE-8D95-071F5D93BF12}.Release|Any CPU.Build.0 = Release|Any CPU
	EndGlobalSection
	GlobalSection(SolutionProperties) = preSolution
		HideSolutionNode = FALSE
	EndGlobalSection
	GlobalSection(ExtensibilityGlobals) = postSolution
		SolutionGuid = {3B4D427F-3DC0-4301-8C32-091A9F669757}
	EndGlobalSection
EndGlobal
