
Microsoft Visual Studio Solution File, Format Version 12.00
# Visual Studio Version 17
VisualStudioVersion = 17.10.34928.147
MinimumVisualStudioVersion = 10.0.40219.1
Project("{FAE04EC0-301F-11D3-BF4B-00C04F79EFBC}") = "WorkingWithTime", "WorkingWithTime\WorkingWithTime.csproj", "{98789A44-7DFA-49F4-BBB0-6DE246A79CB9}"
EndProject
Global
	GlobalSection(SolutionConfigurationPlatforms) = preSolution
		Debug|Any CPU = Debug|Any CPU
		Release|Any CPU = Release|Any CPU
	EndGlobalSection
	GlobalSection(ProjectConfigurationPlatforms) = postSolution
		{98789A44-7DFA-49F4-BBB0-6DE246A79CB9}.Debug|Any CPU.ActiveCfg = Debug|Any CPU
		{98789A44-7DFA-49F4-BBB0-6DE246A79CB9}.Debug|Any CPU.Build.0 = Debug|Any CPU
		{98789A44-7DFA-49F4-BBB0-6DE246A79CB9}.Release|Any CPU.ActiveCfg = Release|Any CPU
		{98789A44-7DFA-49F4-BBB0-6DE246A79CB9}.Release|Any CPU.Build.0 = Release|Any CPU
	EndGlobalSection
	GlobalSection(SolutionProperties) = preSolution
		HideSolutionNode = FALSE
	EndGlobalSection
	GlobalSection(ExtensibilityGlobals) = postSolution
		SolutionGuid = {C90F455A-E3CE-4C38-A9D3-3E5D693A1932}
	EndGlobalSection
EndGlobal
